{
  "version": 4,
  "terraform_version": "1.5.6",
  "serial": 33,
  "lineage": "1c9de545-40b9-9d1a-c102-9141cd162a44",
  "outputs": {},
  "resources": [
    {
      "mode": "data",
      "type": "google_project",
      "name": "gcp_project",
      "provider": "provider[\"registry.terraform.io/hashicorp/google\"]",
      "instances": [
        {
          "schema_version": 0,
          "attributes": {
            "auto_create_network": null,
            "billing_account": null,
            "folder_id": null,
            "id": "projects/bigquery-392209",
            "labels": {},
            "name": "BigQuery",
            "number": "834381769805",
            "org_id": null,
            "project_id": "bigquery-392209",
            "skip_delete": null
          },
          "sensitive_attributes": []
        }
      ]
    },
    {
      "mode": "managed",
      "type": "google_bigquery_connection",
      "name": "bq_connection",
      "provider": "provider[\"registry.terraform.io/hashicorp/google\"]",
      "instances": [
        {
          "schema_version": 0,
          "attributes": {
            "aws": [],
            "azure": [],
            "cloud_resource": [
              {
                "service_account_id": "bqcx-834381769805-hcu1@gcp-sa-bigquery-condel.iam.gserviceaccount.com"
              }
            ],
            "cloud_spanner": [],
            "cloud_sql": [],
            "connection_id": "gcs_connection",
            "description": "",
            "friendly_name": "",
            "has_credential": false,
            "id": "projects/bigquery-392209/locations/US/connections/gcs_connection",
            "location": "US",
            "name": "projects/834381769805/locations/us/connections/gcs_connection",
            "project": "bigquery-392209",
            "timeouts": null
          },
          "sensitive_attributes": [],
          "private": "eyJlMmJmYjczMC1lY2FhLTExZTYtOGY4OC0zNDM2M2JjN2M0YzAiOnsiY3JlYXRlIjoxMjAwMDAwMDAwMDAwLCJkZWxldGUiOjEyMDAwMDAwMDAwMDAsInVwZGF0ZSI6MTIwMDAwMDAwMDAwMH19"
        }
      ]
    },
    {
      "mode": "managed",
      "type": "google_bigquery_dataset",
      "name": "object_dataset",
      "provider": "provider[\"registry.terraform.io/hashicorp/google\"]",
      "instances": [
        {
          "schema_version": 0,
          "attributes": {
            "access": [
              {
                "dataset": [],
                "domain": "",
                "group_by_email": "",
                "role": "OWNER",
                "routine": [],
                "special_group": "",
                "user_by_email": "sa-dbt@bigquery-392209.iam.gserviceaccount.com",
                "view": []
              },
              {
                "dataset": [],
                "domain": "",
                "group_by_email": "",
                "role": "OWNER",
                "routine": [],
                "special_group": "projectOwners",
                "user_by_email": "",
                "view": []
              },
              {
                "dataset": [],
                "domain": "",
                "group_by_email": "",
                "role": "READER",
                "routine": [],
                "special_group": "projectReaders",
                "user_by_email": "",
                "view": []
              },
              {
                "dataset": [],
                "domain": "",
                "group_by_email": "",
                "role": "WRITER",
                "routine": [],
                "special_group": "projectWriters",
                "user_by_email": "",
                "view": []
              }
            ],
            "creation_time": 1699595735434,
            "dataset_id": "object_dataset",
            "default_collation": "",
            "default_encryption_configuration": [],
            "default_partition_expiration_ms": 0,
            "default_table_expiration_ms": 0,
            "delete_contents_on_destroy": false,
            "description": "",
            "etag": "UL0a+KlrPb81d6Ey06n0DA==",
            "friendly_name": "",
            "id": "projects/bigquery-392209/datasets/object_dataset",
            "is_case_insensitive": false,
            "labels": {},
            "last_modified_time": 1699595735434,
            "location": "US",
            "max_time_travel_hours": "",
            "project": "bigquery-392209",
            "self_link": "https://bigquery.googleapis.com/bigquery/v2/projects/bigquery-392209/datasets/object_dataset",
            "storage_billing_model": "",
            "timeouts": null
          },
          "sensitive_attributes": [],
          "private": "eyJlMmJmYjczMC1lY2FhLTExZTYtOGY4OC0zNDM2M2JjN2M0YzAiOnsiY3JlYXRlIjoxMjAwMDAwMDAwMDAwLCJkZWxldGUiOjEyMDAwMDAwMDAwMDAsInVwZGF0ZSI6MTIwMDAwMDAwMDAwMH19"
        }
      ]
    },
    {
      "mode": "managed",
      "type": "google_bigquery_table",
      "name": "bq_table",
      "provider": "provider[\"registry.terraform.io/hashicorp/google\"]",
      "instances": [
        {
          "schema_version": 0,
          "attributes": {
            "clustering": null,
            "creation_time": 1699596089153,
            "dataset_id": "object_dataset",
            "deletion_protection": false,
            "description": "",
            "encryption_configuration": [],
            "etag": "VgE5DQP1jm8iGZjjcRTYqA==",
            "expiration_time": 0,
            "external_data_configuration": [
              {
                "autodetect": false,
                "avro_options": [],
                "compression": "NONE",
                "connection_id": "834381769805.us.gcs_connection",
                "csv_options": [],
                "file_set_spec_type": "",
                "google_sheets_options": [],
                "hive_partitioning_options": [],
                "ignore_unknown_values": false,
                "json_options": [],
                "max_bad_records": 0,
                "metadata_cache_mode": "MANUAL",
                "object_metadata": "SIMPLE",
                "parquet_options": [],
                "reference_file_schema_uri": "",
                "schema": "",
                "source_format": "",
                "source_uris": [
                  "gs://object_bucket_b8dca2e62539118d/*"
                ]
              }
            ],
            "friendly_name": "",
            "id": "projects/bigquery-392209/datasets/object_dataset/tables/object_table",
            "labels": {},
            "last_modified_time": 1699596089604,
            "location": "US",
            "materialized_view": [],
            "max_staleness": "INTERVAL 4 HOUR",
            "num_bytes": 0,
            "num_long_term_bytes": 0,
            "num_rows": 0,
            "project": "bigquery-392209",
            "range_partitioning": [],
            "schema": "[{\"mode\":\"NULLABLE\",\"name\":\"uri\",\"type\":\"STRING\"},{\"mode\":\"NULLABLE\",\"name\":\"generation\",\"type\":\"INTEGER\"},{\"mode\":\"NULLABLE\",\"name\":\"content_type\",\"type\":\"STRING\"},{\"mode\":\"NULLABLE\",\"name\":\"size\",\"type\":\"INTEGER\"},{\"mode\":\"NULLABLE\",\"name\":\"md5_hash\",\"type\":\"STRING\"},{\"mode\":\"NULLABLE\",\"name\":\"updated\",\"type\":\"TIMESTAMP\"},{\"fields\":[{\"mode\":\"NULLABLE\",\"name\":\"name\",\"type\":\"STRING\"},{\"mode\":\"NULLABLE\",\"name\":\"value\",\"type\":\"STRING\"}],\"mode\":\"REPEATED\",\"name\":\"metadata\",\"type\":\"RECORD\"}]",
            "self_link": "https://bigquery.googleapis.com/bigquery/v2/projects/bigquery-392209/datasets/object_dataset/tables/object_table",
            "table_id": "object_table",
            "time_partitioning": [],
            "type": "EXTERNAL",
            "view": []
          },
          "sensitive_attributes": [],
          "private": "bnVsbA==",
          "dependencies": [
            "google_bigquery_connection.bq_connection",
            "google_bigquery_dataset.object_dataset",
            "google_project_iam_member.connection_iam",
            "google_storage_bucket.gcs_bucket"
          ]
        }
      ]
    },
    {
      "mode": "managed",
      "type": "google_bigquery_table",
      "name": "default",
      "provider": "provider[\"registry.terraform.io/hashicorp/google\"]",
      "instances": [
        {
          "schema_version": 0,
          "attributes": {
            "clustering": null,
            "creation_time": 1698659826449,
            "dataset_id": "window_dataset",
            "deletion_protection": false,
            "description": "",
            "encryption_configuration": [],
            "etag": "+SL7oajJj5yfQeZlT2JFlQ==",
            "expiration_time": 1700387826449,
            "external_data_configuration": [],
            "friendly_name": "",
            "id": "projects/bigquery-392209/datasets/window_dataset/tables/vegetables",
            "labels": {},
            "last_modified_time": 1698660077506,
            "location": "asia-south1",
            "materialized_view": [],
            "max_staleness": "",
            "num_bytes": 0,
            "num_long_term_bytes": 0,
            "num_rows": 0,
            "project": "bigquery-392209",
            "range_partitioning": [],
            "schema": "[{\"mode\":\"NULLABLE\",\"name\":\"item\",\"type\":\"STRING\"},{\"mode\":\"NULLABLE\",\"name\":\"purchases\",\"type\":\"INTEGER\"},{\"mode\":\"NULLABLE\",\"name\":\"category\",\"type\":\"STRING\"}]",
            "self_link": "https://bigquery.googleapis.com/bigquery/v2/projects/bigquery-392209/datasets/window_dataset/tables/vegetables",
            "table_id": "vegetables",
            "time_partitioning": [],
            "type": "VIEW",
            "view": [
              {
                "query": "SELECT * FROM `bigquery-392209.window_dataset.Produce` where category = 'vegetable'\r\nand 1 = 1",
                "use_legacy_sql": false
              }
            ]
          },
          "sensitive_attributes": [],
          "private": "bnVsbA=="
        }
      ]
    },
    {
      "mode": "managed",
      "type": "google_project_iam_member",
      "name": "connection_iam",
      "provider": "provider[\"registry.terraform.io/hashicorp/google\"]",
      "instances": [
        {
          "schema_version": 0,
          "attributes": {
            "condition": [],
            "etag": "BwYJxgzJP7I=",
            "id": "bigquery-392209/roles/storage.objectViewer/serviceAccount:bqcx-834381769805-hcu1@gcp-sa-bigquery-condel.iam.gserviceaccount.com",
            "member": "serviceAccount:bqcx-834381769805-hcu1@gcp-sa-bigquery-condel.iam.gserviceaccount.com",
            "project": "bigquery-392209",
            "role": "roles/storage.objectViewer"
          },
          "sensitive_attributes": [],
          "private": "bnVsbA==",
          "dependencies": [
            "data.google_project.gcp_project",
            "google_bigquery_connection.bq_connection"
          ]
        }
      ]
    },
    {
      "mode": "managed",
      "type": "google_storage_bucket",
      "name": "gcs_bucket",
      "provider": "provider[\"registry.terraform.io/hashicorp/google\"]",
      "instances": [
        {
          "schema_version": 0,
          "attributes": {
            "autoclass": [],
            "cors": [],
            "custom_placement_config": [],
            "default_event_based_hold": false,
            "encryption": [],
            "force_destroy": true,
            "id": "object_bucket_b8dca2e62539118d",
            "labels": {},
            "lifecycle_rule": [],
            "location": "US",
            "logging": [],
            "name": "object_bucket_b8dca2e62539118d",
            "project": "bigquery-392209",
            "public_access_prevention": "inherited",
            "requester_pays": false,
            "retention_policy": [],
            "self_link": "https://www.googleapis.com/storage/v1/b/object_bucket_b8dca2e62539118d",
            "storage_class": "STANDARD",
            "timeouts": null,
            "uniform_bucket_level_access": true,
            "url": "gs://object_bucket_b8dca2e62539118d",
            "versioning": [],
            "website": []
          },
          "sensitive_attributes": [],
          "private": "eyJlMmJmYjczMC1lY2FhLTExZTYtOGY4OC0zNDM2M2JjN2M0YzAiOnsiY3JlYXRlIjo2MDAwMDAwMDAwMDAsInJlYWQiOjI0MDAwMDAwMDAwMCwidXBkYXRlIjoyNDAwMDAwMDAwMDB9fQ==",
          "dependencies": [
            "random_id.bucket_name_suffix"
          ]
        }
      ]
    },
    {
      "mode": "managed",
      "type": "random_id",
      "name": "bucket_name_suffix",
      "provider": "provider[\"registry.terraform.io/hashicorp/random\"]",
      "instances": [
        {
          "schema_version": 0,
          "attributes": {
            "b64_std": "uNyi5iU5EY0=",
            "b64_url": "uNyi5iU5EY0",
            "byte_length": 8,
            "dec": "13320700907205759373",
            "hex": "b8dca2e62539118d",
            "id": "uNyi5iU5EY0",
            "keepers": null,
            "prefix": null
          },
          "sensitive_attributes": []
        }
      ]
    }
  ],
  "check_results": null
}
