{
  "version": 4,
  "terraform_version": "1.5.6",
  "serial": 17,
  "lineage": "1c9de545-40b9-9d1a-c102-9141cd162a44",
  "outputs": {},
  "resources": [
    {
      "mode": "managed",
      "type": "google_bigquery_table",
      "name": "default",
      "provider": "provider[\"registry.terraform.io/hashicorp/google\"]",
      "instances": [
        {
          "schema_version": 0,
          "attributes": {
            "clustering": null,
            "creation_time": 1698659826449,
            "dataset_id": "window_dataset",
            "deletion_protection": false,
            "description": "",
            "encryption_configuration": [],
            "etag": "+SL7oajJj5yfQeZlT2JFlQ==",
            "expiration_time": 1700387826449,
            "external_data_configuration": [],
            "friendly_name": "",
            "id": "projects/bigquery-392209/datasets/window_dataset/tables/vegetables",
            "labels": {},
            "last_modified_time": 1698660077506,
            "location": "asia-south1",
            "materialized_view": [],
            "max_staleness": "",
            "num_bytes": 0,
            "num_long_term_bytes": 0,
            "num_rows": 0,
            "project": "bigquery-392209",
            "range_partitioning": [],
            "schema": "[{\"mode\":\"NULLABLE\",\"name\":\"item\",\"type\":\"STRING\"},{\"mode\":\"NULLABLE\",\"name\":\"purchases\",\"type\":\"INTEGER\"},{\"mode\":\"NULLABLE\",\"name\":\"category\",\"type\":\"STRING\"}]",
            "self_link": "https://bigquery.googleapis.com/bigquery/v2/projects/bigquery-392209/datasets/window_dataset/tables/vegetables",
            "table_id": "vegetables",
            "time_partitioning": [],
            "type": "VIEW",
            "view": [
              {
                "query": "SELECT * FROM `bigquery-392209.window_dataset.Produce` where category = 'vegetable'\r\nand 1 = 1",
                "use_legacy_sql": false
              }
            ]
          },
          "sensitive_attributes": [],
          "private": "bnVsbA=="
        }
      ]
    }
  ],
  "check_results": null
}
